
Microsoft Visual Studio Solution File, Format Version 12.00
Project("{FAE04EC0-301F-11D3-BF4B-00C04F79EFBC}") = "Exercise1", "Exercise1\Exercise1.csproj", "{A4041838-3946-46C6-B741-1B62A39A5BB7}"
EndProject
Project("{FAE04EC0-301F-11D3-BF4B-00C04F79EFBC}") = "Exercise2", "Exercise2\Exercise2.csproj", "{D41EC2CF-5C9F-44EC-88FD-CC6D7C7F9430}"
EndProject
Global
	GlobalSection(SolutionConfigurationPlatforms) = preSolution
		Debug|Any CPU = Debug|Any CPU
		Release|Any CPU = Release|Any CPU
	EndGlobalSection
	GlobalSection(ProjectConfigurationPlatforms) = postSolution
		{A4041838-3946-46C6-B741-1B62A39A5BB7}.Debug|Any CPU.ActiveCfg = Debug|Any CPU
		{A4041838-3946-46C6-B741-1B62A39A5BB7}.Debug|Any CPU.Build.0 = Debug|Any CPU
		{A4041838-3946-46C6-B741-1B62A39A5BB7}.Release|Any CPU.ActiveCfg = Release|Any CPU
		{A4041838-3946-46C6-B741-1B62A39A5BB7}.Release|Any CPU.Build.0 = Release|Any CPU
		{D41EC2CF-5C9F-44EC-88FD-CC6D7C7F9430}.Debug|Any CPU.ActiveCfg = Debug|Any CPU
		{D41EC2CF-5C9F-44EC-88FD-CC6D7C7F9430}.Debug|Any CPU.Build.0 = Debug|Any CPU
		{D41EC2CF-5C9F-44EC-88FD-CC6D7C7F9430}.Release|Any CPU.ActiveCfg = Release|Any CPU
		{D41EC2CF-5C9F-44EC-88FD-CC6D7C7F9430}.Release|Any CPU.Build.0 = Release|Any CPU
	EndGlobalSection
EndGlobal
